
Microsoft Visual Studio Solution File, Format Version 12.00
# Visual Studio 2013
VisualStudioVersion = 12.0.21005.1
MinimumVisualStudioVersion = 10.0.40219.1
Project("{FAE04EC0-301F-11D3-BF4B-00C04F79EFBC}") = "PorronPetStoreProject", "PorronPetStoreProject\PorronPetStoreProject.csproj", "{7419C30A-1C1C-4AD3-BA2A-3C74F09873B5}"
EndProject
Project("{FAE04EC0-301F-11D3-BF4B-00C04F79EFBC}") = "CapaDatos", "CapaDatos\CapaDatos.csproj", "{E520012E-E460-4A25-BD88-22AD5E3C5AC8}"
EndProject
Project("{FAE04EC0-301F-11D3-BF4B-00C04F79EFBC}") = "CapaNucleo", "CapaNucleo\CapaNucleo.csproj", "{86E501DC-4A64-4480-B38C-3D56A237D863}"
EndProject
Global
	GlobalSection(SolutionConfigurationPlatforms) = preSolution
		Debug|Any CPU = Debug|Any CPU
		Release|Any CPU = Release|Any CPU
	EndGlobalSection
	GlobalSection(ProjectConfigurationPlatforms) = postSolution
		{7419C30A-1C1C-4AD3-BA2A-3C74F09873B5}.Debug|Any CPU.ActiveCfg = Debug|Any CPU
		{7419C30A-1C1C-4AD3-BA2A-3C74F09873B5}.Debug|Any CPU.Build.0 = Debug|Any CPU
		{7419C30A-1C1C-4AD3-BA2A-3C74F09873B5}.Release|Any CPU.ActiveCfg = Release|Any CPU
		{7419C30A-1C1C-4AD3-BA2A-3C74F09873B5}.Release|Any CPU.Build.0 = Release|Any CPU
		{E520012E-E460-4A25-BD88-22AD5E3C5AC8}.Debug|Any CPU.ActiveCfg = Debug|Any CPU
		{E520012E-E460-4A25-BD88-22AD5E3C5AC8}.Debug|Any CPU.Build.0 = Debug|Any CPU
		{E520012E-E460-4A25-BD88-22AD5E3C5AC8}.Release|Any CPU.ActiveCfg = Release|Any CPU
		{E520012E-E460-4A25-BD88-22AD5E3C5AC8}.Release|Any CPU.Build.0 = Release|Any CPU
		{86E501DC-4A64-4480-B38C-3D56A237D863}.Debug|Any CPU.ActiveCfg = Debug|Any CPU
		{86E501DC-4A64-4480-B38C-3D56A237D863}.Debug|Any CPU.Build.0 = Debug|Any CPU
		{86E501DC-4A64-4480-B38C-3D56A237D863}.Release|Any CPU.ActiveCfg = Release|Any CPU
		{86E501DC-4A64-4480-B38C-3D56A237D863}.Release|Any CPU.Build.0 = Release|Any CPU
	EndGlobalSection
	GlobalSection(SolutionProperties) = preSolution
		HideSolutionNode = FALSE
	EndGlobalSection
EndGlobal
